
Microsoft Visual Studio Solution File, Format Version 12.00
# Visual Studio Version 17
VisualStudioVersion = 17.8.34322.80
MinimumVisualStudioVersion = 10.0.40219.1
Project("{FAE04EC0-301F-11D3-BF4B-00C04F79EFBC}") = "Livability.Api", "Livability.Api.csproj", "{3583B5CB-B527-46D7-96F9-928A4DB3B8AF}"
EndProject
Global
	GlobalSection(SolutionConfigurationPlatforms) = preSolution
		Debug|Any CPU = Debug|Any CPU
		Release|Any CPU = Release|Any CPU
	EndGlobalSection
	GlobalSection(ProjectConfigurationPlatforms) = postSolution
		{3583B5CB-B527-46D7-96F9-928A4DB3B8AF}.Debug|Any CPU.ActiveCfg = Debug|Any CPU
		{3583B5CB-B527-46D7-96F9-928A4DB3B8AF}.Debug|Any CPU.Build.0 = Debug|Any CPU
		{3583B5CB-B527-46D7-96F9-928A4DB3B8AF}.Release|Any CPU.ActiveCfg = Release|Any CPU
		{3583B5CB-B527-46D7-96F9-928A4DB3B8AF}.Release|Any CPU.Build.0 = Release|Any CPU
	EndGlobalSection
	GlobalSection(SolutionProperties) = preSolution
		HideSolutionNode = FALSE
	EndGlobalSection
	GlobalSection(ExtensibilityGlobals) = postSolution
		SolutionGuid = {BF4284A1-D8A1-4FC0-A56B-A7DE67D06B5D}
	EndGlobalSection
EndGlobal
